
Microsoft Visual Studio Solution File, Format Version 12.00
# Visual Studio Version 17
VisualStudioVersion = 17.4.33213.308
MinimumVisualStudioVersion = 10.0.40219.1
Project("{FAE04EC0-301F-11D3-BF4B-00C04F79EFBC}") = "WettstarTest", "WettstarTest.csproj", "{BD02E647-AE05-4922-9CC0-FA09CDADFE0F}"
EndProject
Global
	GlobalSection(SolutionConfigurationPlatforms) = preSolution
		Debug|Any CPU = Debug|Any CPU
		Release|Any CPU = Release|Any CPU
	EndGlobalSection
	GlobalSection(ProjectConfigurationPlatforms) = postSolution
		{BD02E647-AE05-4922-9CC0-FA09CDADFE0F}.Debug|Any CPU.ActiveCfg = Debug|Any CPU
		{BD02E647-AE05-4922-9CC0-FA09CDADFE0F}.Debug|Any CPU.Build.0 = Debug|Any CPU
		{BD02E647-AE05-4922-9CC0-FA09CDADFE0F}.Release|Any CPU.ActiveCfg = Release|Any CPU
		{BD02E647-AE05-4922-9CC0-FA09CDADFE0F}.Release|Any CPU.Build.0 = Release|Any CPU
	EndGlobalSection
	GlobalSection(SolutionProperties) = preSolution
		HideSolutionNode = FALSE
	EndGlobalSection
	GlobalSection(ExtensibilityGlobals) = postSolution
		SolutionGuid = {213A4FAE-9616-44F8-BAFF-E6E9EC68855F}
	EndGlobalSection
EndGlobal
